{
  "name": "digital-em",
  "version": "1.0.0",
  "lockfileVersion": 2,
  "requires": true,
  "packages": {
    "": {
      "name": "digital-em",
      "version": "1.0.0",
      "license": "ISC",
      "dependencies": {
        "@cometchat-pro/chat": "^2.1.5",
        "@pusher/push-notifications-web": "^1.1.0"
      }
    },
    "node_modules/@cometchat-pro/chat": {
      "version": "2.1.5",
      "resolved": "https://registry.npmjs.org/@cometchat-pro/chat/-/chat-2.1.5.tgz",
      "integrity": "sha512-G0yZ6cQjVXiLse1R4cIVkwNs17/x/lBepsmOIZKivSlJN9NMdwyv0Dt7TvCikjSWo7HuzisvuEc5keXswTZZwg=="
    },
    "node_modules/@pusher/push-notifications-web": {
      "version": "1.1.0",
      "resolved": "https://registry.npmjs.org/@pusher/push-notifications-web/-/push-notifications-web-1.1.0.tgz",
      "integrity": "sha512-qR9RZNpH9E54GEpn9uqag9VbLG3kk13DPtf0v4ScsbIZhLFrc1vVWoylzh9zPKiJx3LLwnSxZQA/DkF13OBYXw=="
    }
  },
  "dependencies": {
    "@cometchat-pro/chat": {
      "version": "2.1.5",
      "resolved": "https://registry.npmjs.org/@cometchat-pro/chat/-/chat-2.1.5.tgz",
      "integrity": "sha512-G0yZ6cQjVXiLse1R4cIVkwNs17/x/lBepsmOIZKivSlJN9NMdwyv0Dt7TvCikjSWo7HuzisvuEc5keXswTZZwg=="
    },
    "@pusher/push-notifications-web": {
      "version": "1.1.0",
      "resolved": "https://registry.npmjs.org/@pusher/push-notifications-web/-/push-notifications-web-1.1.0.tgz",
      "integrity": "sha512-qR9RZNpH9E54GEpn9uqag9VbLG3kk13DPtf0v4ScsbIZhLFrc1vVWoylzh9zPKiJx3LLwnSxZQA/DkF13OBYXw=="
    }
  }
}
